
Microsoft Visual Studio Solution File, Format Version 12.00
# Visual Studio Version 17
VisualStudioVersion = 17.14.36109.1 d17.14
MinimumVisualStudioVersion = 10.0.40219.1
Project("{FAE04EC0-301F-11D3-BF4B-00C04F79EFBC}") = "DBAccessLib", "DBAccessLib\DBAccessLib.csproj", "{2A8D73BD-DFA9-480F-8185-364E9F5B88FE}"
EndProject
Global
	GlobalSection(SolutionConfigurationPlatforms) = preSolution
		Debug|Any CPU = Debug|Any CPU
		Release|Any CPU = Release|Any CPU
	EndGlobalSection
	GlobalSection(ProjectConfigurationPlatforms) = postSolution
		{2A8D73BD-DFA9-480F-8185-364E9F5B88FE}.Debug|Any CPU.ActiveCfg = Debug|Any CPU
		{2A8D73BD-DFA9-480F-8185-364E9F5B88FE}.Debug|Any CPU.Build.0 = Debug|Any CPU
		{2A8D73BD-DFA9-480F-8185-364E9F5B88FE}.Release|Any CPU.ActiveCfg = Release|Any CPU
		{2A8D73BD-DFA9-480F-8185-364E9F5B88FE}.Release|Any CPU.Build.0 = Release|Any CPU
	EndGlobalSection
	GlobalSection(SolutionProperties) = preSolution
		HideSolutionNode = FALSE
	EndGlobalSection
	GlobalSection(ExtensibilityGlobals) = postSolution
		SolutionGuid = {B33430FF-934A-4174-8257-0DFC853695A1}
	EndGlobalSection
EndGlobal
